<?xml version="1.0" encoding="utf-8"?>
<Project ToolsVersion="4.0" xmlns="http://schemas.microsoft.com/developer/msbuild/2003">
  <ItemGroup>
    <ClCompile Include="Main.cpp" />
    <ClCompile Include="DirectX\DirectX.cpp" />
    <ClCompile Include="DirectX\ImGui\imgui.cpp" />
    <ClCompile Include="DirectX\ImGui\imgui_demo.cpp" />
    <ClCompile Include="DirectX\ImGui\imgui_draw.cpp" />
    <ClCompile Include="DirectX\ImGui\imgui_tables.cpp" />
    <ClCompile Include="DirectX\ImGui\imgui_widgets.cpp" />
    <ClCompile Include="DirectX\ImGui\backends\imgui_impl_dx11.cpp" />
    <ClCompile Include="DirectX\ImGui\backends\imgui_impl_win32.cpp" />
    <ClCompile Include="Windows\MainWindow\MainWindow.cpp" />
    <ClCompile Include="libs\Zydis\Zydis.c" />
    <ClCompile Include="Windows\ImGuiWindow.cpp" />
    <ClCompile Include="Hider\Hider.cpp" />
    <ClCompile Include="libs\Utils.cpp" />
    <ClCompile Include="libs\XEDParse\src\BranchInst.cpp" />
    <ClCompile Include="libs\XEDParse\src\MnemonicTable.cpp" />
    <ClCompile Include="libs\XEDParse\src\Operand.cpp" />
    <ClCompile Include="libs\XEDParse\src\OperandMem.cpp" />
    <ClCompile Include="libs\XEDParse\src\OperandSegSel.cpp" />
    <ClCompile Include="libs\XEDParse\src\OpSize.cpp" />
    <ClCompile Include="libs\XEDParse\src\Parser.cpp" />
    <ClCompile Include="libs\XEDParse\src\ParseTest.cpp" />
    <ClCompile Include="libs\XEDParse\src\Prefix.cpp" />
    <ClCompile Include="libs\XEDParse\src\Register.cpp" />
    <ClCompile Include="libs\XEDParse\src\Translator.cpp" />
    <ClCompile Include="libs\XEDParse\src\Validator.cpp" />
    <ClCompile Include="libs\XEDParse\src\XEDParse.cpp" />
    <ClCompile Include="libs\RawPDB\PDB.cpp" />
    <ClCompile Include="libs\RawPDB\PDB_CoalescedMSFStream.cpp" />
    <ClCompile Include="libs\RawPDB\PDB_DBIStream.cpp" />
    <ClCompile Include="libs\RawPDB\PDB_DBITypes.cpp" />
    <ClCompile Include="libs\RawPDB\PDB_DirectMSFStream.cpp" />
    <ClCompile Include="libs\RawPDB\PDB_GlobalSymbolStream.cpp" />
    <ClCompile Include="libs\RawPDB\PDB_ImageSectionStream.cpp" />
    <ClCompile Include="libs\RawPDB\PDB_InfoStream.cpp" />
    <ClCompile Include="libs\RawPDB\PDB_IPIStream.cpp" />
    <ClCompile Include="libs\RawPDB\PDB_ModuleInfoStream.cpp" />
    <ClCompile Include="libs\RawPDB\PDB_ModuleLineStream.cpp" />
    <ClCompile Include="libs\RawPDB\PDB_ModuleSymbolStream.cpp" />
    <ClCompile Include="libs\RawPDB\PDB_NamesStream.cpp" />
    <ClCompile Include="libs\RawPDB\PDB_PCH.cpp" />
    <ClCompile Include="libs\RawPDB\PDB_PublicSymbolStream.cpp" />
    <ClCompile Include="libs\RawPDB\PDB_RawFile.cpp" />
    <ClCompile Include="libs\RawPDB\PDB_SectionContributionStream.cpp" />
    <ClCompile Include="libs\RawPDB\PDB_SourceFileStream.cpp" />
    <ClCompile Include="libs\RawPDB\PDB_TPIStream.cpp" />
    <ClCompile Include="libs\RawPDB\PDB_Types.cpp" />
  </ItemGroup>
  <ItemGroup>
    <ClInclude Include="DirectX\D3DX11.h" />
    <ClInclude Include="DirectX\D3DX11async.h" />
    <ClInclude Include="DirectX\D3DX11core.h" />
    <ClInclude Include="DirectX\D3DX11tex.h" />
    <ClInclude Include="DirectX\DirectX.h" />
    <ClInclude Include="DirectX\ImGui\imconfig.h" />
    <ClInclude Include="DirectX\ImGui\imgui.h" />
    <ClInclude Include="DirectX\ImGui\imgui_internal.h" />
    <ClInclude Include="DirectX\ImGui\imstb_rectpack.h" />
    <ClInclude Include="DirectX\ImGui\imstb_textedit.h" />
    <ClInclude Include="DirectX\ImGui\imstb_truetype.h" />
    <ClInclude Include="DirectX\ImGui\backends\imgui_impl_dx11.h" />
    <ClInclude Include="DirectX\ImGui\backends\imgui_impl_win32.h" />
    <ClInclude Include="Main.h" />
    <ClInclude Include="Windows\MainWindow\MainWindow.h" />
    <ClInclude Include="Resources\file_LazyImporter_hpp.h" />
    <ClInclude Include="Resources\LazyImporter.hpp" />
    <ClInclude Include="libs\ntdll\ntdll.h" />
    <ClInclude Include="libs\ntdll\ntstatus.h" />
    <ClInclude Include="libs\Zydis\Zydis.h" />
    <ClInclude Include="libs\DropManager.h" />
    <ClInclude Include="libs\Utils.h" />
    <ClInclude Include="Globals.h" />
    <ClInclude Include="Hider\Hider.h" />
    <ClInclude Include="libs\random\random.hpp" />
    <ClInclude Include="libs\XEDParse\src\XEDParse.h" />
    <ClInclude Include="libs\XEDParse\src\BranchInst.h" />
    <ClInclude Include="libs\XEDParse\src\MnemonicTable.h" />
    <ClInclude Include="libs\XEDParse\src\Operand.h" />
    <ClInclude Include="libs\XEDParse\src\OperandMem.h" />
    <ClInclude Include="libs\XEDParse\src\OperandSegSel.h" />
    <ClInclude Include="libs\XEDParse\src\OpSize.h" />
    <ClInclude Include="libs\XEDParse\src\Parser.h" />
    <ClInclude Include="libs\XEDParse\src\parsetest.h" />
    <ClInclude Include="libs\XEDParse\src\Prefix.h" />
    <ClInclude Include="libs\XEDParse\src\Register.h" />
    <ClInclude Include="libs\XEDParse\src\RegisterTable.h" />
    <ClInclude Include="libs\XEDParse\src\Translator.h" />
    <ClInclude Include="libs\XEDParse\src\Validator.h" />
    <ClInclude Include="libs\XEDParse\xed2\include\xed-address-width-enum.h" />
    <ClInclude Include="libs\XEDParse\xed2\include\xed-agen.h" />
    <ClInclude Include="libs\XEDParse\xed2\include\xed-attribute-enum.h" />
    <ClInclude Include="libs\XEDParse\xed2\include\xed-attributes.h" />
    <ClInclude Include="libs\XEDParse\xed2\include\xed-build-defines.h" />
    <ClInclude Include="libs\XEDParse\xed2\include\xed-category-enum.h" />
    <ClInclude Include="libs\XEDParse\xed2\include\xed-chip-enum.h" />
    <ClInclude Include="libs\XEDParse\xed2\include\xed-common-defs.h" />
    <ClInclude Include="libs\XEDParse\xed2\include\xed-common-hdrs.h" />
    <ClInclude Include="libs\XEDParse\xed2\include\xed-convert-table-init.h" />
    <ClInclude Include="libs\XEDParse\xed2\include\xed-decode.h" />
    <ClInclude Include="libs\XEDParse\xed2\include\xed-decoded-inst.h" />
    <ClInclude Include="libs\XEDParse\xed2\include\xed-decoded-inst-api.h" />
    <ClInclude Include="libs\XEDParse\xed2\include\xed-disas.h" />
    <ClInclude Include="libs\XEDParse\xed2\include\xed-encode.h" />
    <ClInclude Include="libs\XEDParse\xed2\include\xed-encoder-gen-defs.h" />
    <ClInclude Include="libs\XEDParse\xed2\include\xed-encoder-hl.h" />
    <ClInclude Include="libs\XEDParse\xed2\include\xed-encoder-iforms.h" />
    <ClInclude Include="libs\XEDParse\xed2\include\xed-error-enum.h" />
    <ClInclude Include="libs\XEDParse\xed2\include\xed-exception-enum.h" />
    <ClInclude Include="libs\XEDParse\xed2\include\xed-extension-enum.h" />
    <ClInclude Include="libs\XEDParse\xed2\include\xed-flag-action-enum.h" />
    <ClInclude Include="libs\XEDParse\xed2\include\xed-flag-enum.h" />
    <ClInclude Include="libs\XEDParse\xed2\include\xed-flags.h" />
    <ClInclude Include="libs\XEDParse\xed2\include\xed-format-options.h" />
    <ClInclude Include="libs\XEDParse\xed2\include\xed-gen-table-defs.h" />
    <ClInclude Include="libs\XEDParse\xed2\include\xed-get-time.h" />
    <ClInclude Include="libs\XEDParse\xed2\include\xed-iclass-enum.h" />
    <ClInclude Include="libs\XEDParse\xed2\include\xed-iform-enum.h" />
    <ClInclude Include="libs\XEDParse\xed2\include\xed-iformfl-enum.h" />
    <ClInclude Include="libs\XEDParse\xed2\include\xed-iform-map.h" />
    <ClInclude Include="libs\XEDParse\xed2\include\xed-ild.h" />
    <ClInclude Include="libs\XEDParse\xed2\include\xed-immdis.h" />
    <ClInclude Include="libs\XEDParse\xed2\include\xed-immed.h" />
    <ClInclude Include="libs\XEDParse\xed2\include\xed-init.h" />
    <ClInclude Include="libs\XEDParse\xed2\include\xed-init-pointer-names.h" />
    <ClInclude Include="libs\XEDParse\xed2\include\xed-inst.h" />
    <ClInclude Include="libs\XEDParse\xed2\include\xed-interface.h" />
    <ClInclude Include="libs\XEDParse\xed2\include\xed-isa-set.h" />
    <ClInclude Include="libs\XEDParse\xed2\include\xed-isa-set-enum.h" />
    <ClInclude Include="libs\XEDParse\xed2\include\xed-machine-mode-enum.h" />
    <ClInclude Include="libs\XEDParse\xed2\include\xed-nonterminal-enum.h" />
    <ClInclude Include="libs\XEDParse\xed2\include\xed-operand-accessors.h" />
    <ClInclude Include="libs\XEDParse\xed2\include\xed-operand-action.h" />
    <ClInclude Include="libs\XEDParse\xed2\include\xed-operand-action-enum.h" />
    <ClInclude Include="libs\XEDParse\xed2\include\xed-operand-convert-enum.h" />
    <ClInclude Include="libs\XEDParse\xed2\include\xed-operand-ctype-enum.h" />
    <ClInclude Include="libs\XEDParse\xed2\include\xed-operand-ctype-map.h" />
    <ClInclude Include="libs\XEDParse\xed2\include\xed-operand-element-type-enum.h" />
    <ClInclude Include="libs\XEDParse\xed2\include\xed-operand-element-xtype-enum.h" />
    <ClInclude Include="libs\XEDParse\xed2\include\xed-operand-enum.h" />
    <ClInclude Include="libs\XEDParse\xed2\include\xed-operand-storage.h" />
    <ClInclude Include="libs\XEDParse\xed2\include\xed-operand-type-enum.h" />
    <ClInclude Include="libs\XEDParse\xed2\include\xed-operand-values-interface.h" />
    <ClInclude Include="libs\XEDParse\xed2\include\xed-operand-visibility-enum.h" />
    <ClInclude Include="libs\XEDParse\xed2\include\xed-operand-width-enum.h" />
    <ClInclude Include="libs\XEDParse\xed2\include\xed-portability.h" />
    <ClInclude Include="libs\XEDParse\xed2\include\xed-print-info.h" />
    <ClInclude Include="libs\XEDParse\xed2\include\xed-reg-class.h" />
    <ClInclude Include="libs\XEDParse\xed2\include\xed-reg-class-enum.h" />
    <ClInclude Include="libs\XEDParse\xed2\include\xed-reg-enum.h" />
    <ClInclude Include="libs\XEDParse\xed2\include\xed-reg-role-enum.h" />
    <ClInclude Include="libs\XEDParse\xed2\include\xed-state.h" />
    <ClInclude Include="libs\XEDParse\xed2\include\xed-syntax-enum.h" />
    <ClInclude Include="libs\XEDParse\xed2\include\xed-types.h" />
    <ClInclude Include="libs\XEDParse\xed2\include\xed-util.h" />
    <ClInclude Include="libs\XEDParse\xed2\include\xed-version.h" />
    <ClInclude Include="libs\RawPDB\Foundation\PDB_ArrayView.h" />
    <ClInclude Include="libs\RawPDB\Foundation\PDB_Assert.h" />
    <ClInclude Include="libs\RawPDB\Foundation\PDB_BitOperators.h" />
    <ClInclude Include="libs\RawPDB\Foundation\PDB_BitUtil.h" />
    <ClInclude Include="libs\RawPDB\Foundation\PDB_DisableWarningsPop.h" />
    <ClInclude Include="libs\RawPDB\Foundation\PDB_DisableWarningsPush.h" />
    <ClInclude Include="libs\RawPDB\Foundation\PDB_Forward.h" />
    <ClInclude Include="libs\RawPDB\Foundation\PDB_Log.h" />
    <ClInclude Include="libs\RawPDB\Foundation\PDB_Macros.h" />
    <ClInclude Include="libs\RawPDB\Foundation\PDB_Memory.h" />
    <ClInclude Include="libs\RawPDB\Foundation\PDB_Move.h" />
    <ClInclude Include="libs\RawPDB\Foundation\PDB_Platform.h" />
    <ClInclude Include="libs\RawPDB\Foundation\PDB_PointerUtil.h" />
    <ClInclude Include="libs\RawPDB\Foundation\PDB_Warnings.h" />
    <ClInclude Include="libs\RawPDB\PDB.h" />
    <ClInclude Include="libs\RawPDB\PDB_CoalescedMSFStream.h" />
    <ClInclude Include="libs\RawPDB\PDB_DBIStream.h" />
    <ClInclude Include="libs\RawPDB\PDB_DBITypes.h" />
    <ClInclude Include="libs\RawPDB\PDB_DirectMSFStream.h" />
    <ClInclude Include="libs\RawPDB\PDB_ErrorCodes.h" />
    <ClInclude Include="libs\RawPDB\PDB_GlobalSymbolStream.h" />
    <ClInclude Include="libs\RawPDB\PDB_ImageSectionStream.h" />
    <ClInclude Include="libs\RawPDB\PDB_InfoStream.h" />
    <ClInclude Include="libs\RawPDB\PDB_IPIStream.h" />
    <ClInclude Include="libs\RawPDB\PDB_IPITypes.h" />
    <ClInclude Include="libs\RawPDB\PDB_ModuleInfoStream.h" />
    <ClInclude Include="libs\RawPDB\PDB_ModuleLineStream.h" />
    <ClInclude Include="libs\RawPDB\PDB_ModuleSymbolStream.h" />
    <ClInclude Include="libs\RawPDB\PDB_NamesStream.h" />
    <ClInclude Include="libs\RawPDB\PDB_PCH.h" />
    <ClInclude Include="libs\RawPDB\PDB_PublicSymbolStream.h" />
    <ClInclude Include="libs\RawPDB\PDB_RawFile.h" />
    <ClInclude Include="libs\RawPDB\PDB_SectionContributionStream.h" />
    <ClInclude Include="libs\RawPDB\PDB_SourceFileStream.h" />
    <ClInclude Include="libs\RawPDB\PDB_TPIStream.h" />
    <ClInclude Include="libs\RawPDB\PDB_TPITypes.h" />
    <ClInclude Include="libs\RawPDB\PDB_Types.h" />
    <ClInclude Include="libs\RawPDB\PDB_Util.h" />
  </ItemGroup>
  <ItemGroup>
    <Library Include="DirectX\lib\x64\d3dx11.lib" />
    <Library Include="DirectX\lib\x86\d3dx11.lib" />
    <Library Include="libs\ntdll\x64_lib\ntdllp.lib" />
    <Library Include="libs\XEDParse\xed2\lib\libxed_x64.lib" />
    <Library Include="libs\XEDParse\xed2\lib\libxed_x86.lib" />
  </ItemGroup>
  <ItemGroup>
    <None Include="libs\XEDParse\src\README" />
  </ItemGroup>
</Project>