<?xml version="1.0" encoding="utf-8"?>
<Project ToolsVersion="4.0" xmlns="http://schemas.microsoft.com/developer/msbuild/2003">
  <ItemGroup>
    <ClCompile Include="Main.cpp" />
    <ClCompile Include="DirectX\DirectX.cpp" />
    <ClCompile Include="DirectX\ImGui\imgui.cpp" />
    <ClCompile Include="DirectX\ImGui\imgui_demo.cpp" />
    <ClCompile Include="DirectX\ImGui\imgui_draw.cpp" />
    <ClCompile Include="DirectX\ImGui\imgui_tables.cpp" />
    <ClCompile Include="DirectX\ImGui\imgui_widgets.cpp" />
    <ClCompile Include="DirectX\ImGui\backends\imgui_impl_dx11.cpp" />
    <ClCompile Include="DirectX\ImGui\backends\imgui_impl_win32.cpp" />
    <ClCompile Include="DirectX\ImGui\misc\cpp\imgui_stdlib.cpp" />
    <ClCompile Include="Windows\MainWindow\MainWindow.cpp" />
    <ClCompile Include="libs\RawPDB\PDB.cpp" />
    <ClCompile Include="libs\RawPDB\PDB_CoalescedMSFStream.cpp" />
    <ClCompile Include="libs\RawPDB\PDB_DBIStream.cpp" />
    <ClCompile Include="libs\RawPDB\PDB_DBITypes.cpp" />
    <ClCompile Include="libs\RawPDB\PDB_DirectMSFStream.cpp" />
    <ClCompile Include="libs\RawPDB\PDB_GlobalSymbolStream.cpp" />
    <ClCompile Include="libs\RawPDB\PDB_ImageSectionStream.cpp" />
    <ClCompile Include="libs\RawPDB\PDB_InfoStream.cpp" />
    <ClCompile Include="libs\RawPDB\PDB_IPIStream.cpp" />
    <ClCompile Include="libs\RawPDB\PDB_ModuleInfoStream.cpp" />
    <ClCompile Include="libs\RawPDB\PDB_ModuleLineStream.cpp" />
    <ClCompile Include="libs\RawPDB\PDB_ModuleSymbolStream.cpp" />
    <ClCompile Include="libs\RawPDB\PDB_NamesStream.cpp" />
    <ClCompile Include="libs\RawPDB\PDB_PCH.cpp" />
    <ClCompile Include="libs\RawPDB\PDB_PublicSymbolStream.cpp" />
    <ClCompile Include="libs\RawPDB\PDB_RawFile.cpp" />
    <ClCompile Include="libs\RawPDB\PDB_SectionContributionStream.cpp" />
    <ClCompile Include="libs\RawPDB\PDB_SourceFileStream.cpp" />
    <ClCompile Include="libs\RawPDB\PDB_TPIStream.cpp" />
    <ClCompile Include="libs\RawPDB\PDB_Types.cpp" />
    <ClCompile Include="libs\Zydis\Zydis.c" />
    <ClCompile Include="Windows\ImGuiWindow.cpp" />
    <ClCompile Include="Hider\Hider.cpp" />
  </ItemGroup>
  <ItemGroup>
    <ClInclude Include="DirectX\D3DX11.h" />
    <ClInclude Include="DirectX\D3DX11async.h" />
    <ClInclude Include="DirectX\D3DX11core.h" />
    <ClInclude Include="DirectX\D3DX11tex.h" />
    <ClInclude Include="DirectX\DirectX.h" />
    <ClInclude Include="DirectX\ImGui\imconfig.h" />
    <ClInclude Include="DirectX\ImGui\imgui.h" />
    <ClInclude Include="DirectX\ImGui\imgui_internal.h" />
    <ClInclude Include="DirectX\ImGui\imstb_rectpack.h" />
    <ClInclude Include="DirectX\ImGui\imstb_textedit.h" />
    <ClInclude Include="DirectX\ImGui\imstb_truetype.h" />
    <ClInclude Include="DirectX\ImGui\backends\imgui_impl_dx11.h" />
    <ClInclude Include="DirectX\ImGui\backends\imgui_impl_win32.h" />
    <ClInclude Include="DirectX\ImGui\misc\cpp\imgui_stdlib.h" />
    <ClInclude Include="Main.h" />
    <ClInclude Include="Windows\MainWindow\MainWindow.h" />
    <ClInclude Include="Resources\file_LazyImporter_hpp.h" />
    <ClInclude Include="Resources\LazyImporter.hpp" />
    <ClInclude Include="libs\ntdll\ntdll.h" />
    <ClInclude Include="libs\ntdll\ntstatus.h" />
    <ClInclude Include="libs\RawPDB\Foundation\PDB_ArrayView.h" />
    <ClInclude Include="libs\RawPDB\Foundation\PDB_Assert.h" />
    <ClInclude Include="libs\RawPDB\Foundation\PDB_BitOperators.h" />
    <ClInclude Include="libs\RawPDB\Foundation\PDB_BitUtil.h" />
    <ClInclude Include="libs\RawPDB\Foundation\PDB_DisableWarningsPop.h" />
    <ClInclude Include="libs\RawPDB\Foundation\PDB_DisableWarningsPush.h" />
    <ClInclude Include="libs\RawPDB\Foundation\PDB_Forward.h" />
    <ClInclude Include="libs\RawPDB\Foundation\PDB_Log.h" />
    <ClInclude Include="libs\RawPDB\Foundation\PDB_Macros.h" />
    <ClInclude Include="libs\RawPDB\Foundation\PDB_Memory.h" />
    <ClInclude Include="libs\RawPDB\Foundation\PDB_Move.h" />
    <ClInclude Include="libs\RawPDB\Foundation\PDB_Platform.h" />
    <ClInclude Include="libs\RawPDB\Foundation\PDB_PointerUtil.h" />
    <ClInclude Include="libs\RawPDB\Foundation\PDB_Warnings.h" />
    <ClInclude Include="libs\RawPDB\PDB.h" />
    <ClInclude Include="libs\RawPDB\PDB_CoalescedMSFStream.h" />
    <ClInclude Include="libs\RawPDB\PDB_DBIStream.h" />
    <ClInclude Include="libs\RawPDB\PDB_DBITypes.h" />
    <ClInclude Include="libs\RawPDB\PDB_DirectMSFStream.h" />
    <ClInclude Include="libs\RawPDB\PDB_ErrorCodes.h" />
    <ClInclude Include="libs\RawPDB\PDB_GlobalSymbolStream.h" />
    <ClInclude Include="libs\RawPDB\PDB_ImageSectionStream.h" />
    <ClInclude Include="libs\RawPDB\PDB_InfoStream.h" />
    <ClInclude Include="libs\RawPDB\PDB_IPIStream.h" />
    <ClInclude Include="libs\RawPDB\PDB_IPITypes.h" />
    <ClInclude Include="libs\RawPDB\PDB_ModuleInfoStream.h" />
    <ClInclude Include="libs\RawPDB\PDB_ModuleLineStream.h" />
    <ClInclude Include="libs\RawPDB\PDB_ModuleSymbolStream.h" />
    <ClInclude Include="libs\RawPDB\PDB_NamesStream.h" />
    <ClInclude Include="libs\RawPDB\PDB_PCH.h" />
    <ClInclude Include="libs\RawPDB\PDB_PublicSymbolStream.h" />
    <ClInclude Include="libs\RawPDB\PDB_RawFile.h" />
    <ClInclude Include="libs\RawPDB\PDB_SectionContributionStream.h" />
    <ClInclude Include="libs\RawPDB\PDB_SourceFileStream.h" />
    <ClInclude Include="libs\RawPDB\PDB_TPIStream.h" />
    <ClInclude Include="libs\RawPDB\PDB_TPITypes.h" />
    <ClInclude Include="libs\RawPDB\PDB_Types.h" />
    <ClInclude Include="libs\RawPDB\PDB_Util.h" />
    <ClInclude Include="libs\XEDParse\XEDParse.h" />
    <ClInclude Include="libs\Zydis\Zydis.h" />
    <ClInclude Include="libs\DropManager.h" />
    <ClInclude Include="libs\Utils.h" />
    <ClInclude Include="Globals.h" />
    <ClInclude Include="Hider\Hider.h" />
  </ItemGroup>
  <ItemGroup>
    <Library Include="DirectX\lib\x64\d3dx11.lib" />
    <Library Include="DirectX\lib\x86\d3dx11.lib" />
    <Library Include="libs\ntdll\x64_lib\ntdllp.lib" />
  </ItemGroup>
</Project>